
Microsoft Visual Studio Solution File, Format Version 12.00
# Visual Studio Version 16
VisualStudioVersion = 16.0.31005.135
MinimumVisualStudioVersion = 10.0.40219.1
Project("{FAE04EC0-301F-11D3-BF4B-00C04F79EFBC}") = "Producer", "Producer\Producer.csproj", "{43CFD89A-0F21-44BA-82BA-10F97B12CA55}"
EndProject
Project("{FAE04EC0-301F-11D3-BF4B-00C04F79EFBC}") = "ConsumerOne", "ConsumerOne\ConsumerOne.csproj", "{59B424C6-8705-4A1D-8243-5080AA047575}"
EndProject
Project("{FAE04EC0-301F-11D3-BF4B-00C04F79EFBC}") = "ConsumerTwo", "ConsumerTwo\ConsumerTwo.csproj", "{68212ACF-BADE-4B1F-9C28-07FAD3C6247A}"
EndProject
Global
	GlobalSection(SolutionConfigurationPlatforms) = preSolution
		Debug|Any CPU = Debug|Any CPU
		Release|Any CPU = Release|Any CPU
	EndGlobalSection
	GlobalSection(ProjectConfigurationPlatforms) = postSolution
		{43CFD89A-0F21-44BA-82BA-10F97B12CA55}.Debug|Any CPU.ActiveCfg = Debug|Any CPU
		{43CFD89A-0F21-44BA-82BA-10F97B12CA55}.Debug|Any CPU.Build.0 = Debug|Any CPU
		{43CFD89A-0F21-44BA-82BA-10F97B12CA55}.Release|Any CPU.ActiveCfg = Release|Any CPU
		{43CFD89A-0F21-44BA-82BA-10F97B12CA55}.Release|Any CPU.Build.0 = Release|Any CPU
		{59B424C6-8705-4A1D-8243-5080AA047575}.Debug|Any CPU.ActiveCfg = Debug|Any CPU
		{59B424C6-8705-4A1D-8243-5080AA047575}.Debug|Any CPU.Build.0 = Debug|Any CPU
		{59B424C6-8705-4A1D-8243-5080AA047575}.Release|Any CPU.ActiveCfg = Release|Any CPU
		{59B424C6-8705-4A1D-8243-5080AA047575}.Release|Any CPU.Build.0 = Release|Any CPU
		{68212ACF-BADE-4B1F-9C28-07FAD3C6247A}.Debug|Any CPU.ActiveCfg = Debug|Any CPU
		{68212ACF-BADE-4B1F-9C28-07FAD3C6247A}.Debug|Any CPU.Build.0 = Debug|Any CPU
		{68212ACF-BADE-4B1F-9C28-07FAD3C6247A}.Release|Any CPU.ActiveCfg = Release|Any CPU
		{68212ACF-BADE-4B1F-9C28-07FAD3C6247A}.Release|Any CPU.Build.0 = Release|Any CPU
	EndGlobalSection
	GlobalSection(SolutionProperties) = preSolution
		HideSolutionNode = FALSE
	EndGlobalSection
	GlobalSection(ExtensibilityGlobals) = postSolution
		SolutionGuid = {D069BF8C-E164-4D5D-86A3-60082ABAD46C}
	EndGlobalSection
EndGlobal
